
Microsoft Visual Studio Solution File, Format Version 12.00
# Visual Studio Version 17
VisualStudioVersion = 17.3.32922.545
MinimumVisualStudioVersion = 10.0.40219.1
Project("{9A19103F-16F7-4668-BE54-9A1E7A4F7556}") = "BlackList.Api", "src\BlackList.Api\BlackList.Api.csproj", "{22E6C74B-05EA-4707-9746-C2DEAF676B65}"
EndProject
Project("{9A19103F-16F7-4668-BE54-9A1E7A4F7556}") = "BlackList.Domain", "src\BlackList.Domain\BlackList.Domain.csproj", "{29552DA4-8E81-4910-9B89-0E0AF94E153D}"
EndProject
Project("{9A19103F-16F7-4668-BE54-9A1E7A4F7556}") = "BlackList.Application", "src\BlackList.Application\BlackList.Application.csproj", "{C9E4E7DC-ACD0-4665-B5C1-285FCBA98FE9}"
EndProject
Project("{9A19103F-16F7-4668-BE54-9A1E7A4F7556}") = "BlackList.Persistence", "src\BlackList.Persistence\BlackList.Persistence.csproj", "{F7A94BAE-19DD-4597-97A2-FFA7936E9498}"
EndProject
Project("{FAE04EC0-301F-11D3-BF4B-00C04F79EFBC}") = "BlackList.Api.UnitTests", "tests\BlackList.Api.UnitTests\BlackList.Api.UnitTests.csproj", "{B0EC8300-50B3-47D7-A4E1-C0EFF45D589B}"
EndProject
Project("{2150E333-8FDC-42A3-9474-1A3956D46DE8}") = "src", "src", "{FD8CE41D-72AD-4D09-B61B-487E01EFBBC2}"
EndProject
Project("{2150E333-8FDC-42A3-9474-1A3956D46DE8}") = "tests", "tests", "{DF46C6AB-4982-41BA-B8FB-951ABE643304}"
EndProject
Project("{FAE04EC0-301F-11D3-BF4B-00C04F79EFBC}") = "BlackList.Api.IntegrationTests", "tests\BlackList.Api.IntegrationTests\BlackList.Api.IntegrationTests.csproj", "{7D1DAB7F-71DE-4E72-8815-6186EE3E71EC}"
EndProject
Global
	GlobalSection(SolutionConfigurationPlatforms) = preSolution
		Debug|Any CPU = Debug|Any CPU
		Release|Any CPU = Release|Any CPU
	EndGlobalSection
	GlobalSection(ProjectConfigurationPlatforms) = postSolution
		{22E6C74B-05EA-4707-9746-C2DEAF676B65}.Debug|Any CPU.ActiveCfg = Debug|Any CPU
		{22E6C74B-05EA-4707-9746-C2DEAF676B65}.Debug|Any CPU.Build.0 = Debug|Any CPU
		{22E6C74B-05EA-4707-9746-C2DEAF676B65}.Release|Any CPU.ActiveCfg = Release|Any CPU
		{22E6C74B-05EA-4707-9746-C2DEAF676B65}.Release|Any CPU.Build.0 = Release|Any CPU
		{29552DA4-8E81-4910-9B89-0E0AF94E153D}.Debug|Any CPU.ActiveCfg = Debug|Any CPU
		{29552DA4-8E81-4910-9B89-0E0AF94E153D}.Debug|Any CPU.Build.0 = Debug|Any CPU
		{29552DA4-8E81-4910-9B89-0E0AF94E153D}.Release|Any CPU.ActiveCfg = Release|Any CPU
		{29552DA4-8E81-4910-9B89-0E0AF94E153D}.Release|Any CPU.Build.0 = Release|Any CPU
		{C9E4E7DC-ACD0-4665-B5C1-285FCBA98FE9}.Debug|Any CPU.ActiveCfg = Debug|Any CPU
		{C9E4E7DC-ACD0-4665-B5C1-285FCBA98FE9}.Debug|Any CPU.Build.0 = Debug|Any CPU
		{C9E4E7DC-ACD0-4665-B5C1-285FCBA98FE9}.Release|Any CPU.ActiveCfg = Release|Any CPU
		{C9E4E7DC-ACD0-4665-B5C1-285FCBA98FE9}.Release|Any CPU.Build.0 = Release|Any CPU
		{F7A94BAE-19DD-4597-97A2-FFA7936E9498}.Debug|Any CPU.ActiveCfg = Debug|Any CPU
		{F7A94BAE-19DD-4597-97A2-FFA7936E9498}.Debug|Any CPU.Build.0 = Debug|Any CPU
		{F7A94BAE-19DD-4597-97A2-FFA7936E9498}.Release|Any CPU.ActiveCfg = Release|Any CPU
		{F7A94BAE-19DD-4597-97A2-FFA7936E9498}.Release|Any CPU.Build.0 = Release|Any CPU
		{B0EC8300-50B3-47D7-A4E1-C0EFF45D589B}.Debug|Any CPU.ActiveCfg = Debug|Any CPU
		{B0EC8300-50B3-47D7-A4E1-C0EFF45D589B}.Debug|Any CPU.Build.0 = Debug|Any CPU
		{B0EC8300-50B3-47D7-A4E1-C0EFF45D589B}.Release|Any CPU.ActiveCfg = Release|Any CPU
		{B0EC8300-50B3-47D7-A4E1-C0EFF45D589B}.Release|Any CPU.Build.0 = Release|Any CPU
		{7D1DAB7F-71DE-4E72-8815-6186EE3E71EC}.Debug|Any CPU.ActiveCfg = Debug|Any CPU
		{7D1DAB7F-71DE-4E72-8815-6186EE3E71EC}.Debug|Any CPU.Build.0 = Debug|Any CPU
		{7D1DAB7F-71DE-4E72-8815-6186EE3E71EC}.Release|Any CPU.ActiveCfg = Release|Any CPU
		{7D1DAB7F-71DE-4E72-8815-6186EE3E71EC}.Release|Any CPU.Build.0 = Release|Any CPU
	EndGlobalSection
	GlobalSection(SolutionProperties) = preSolution
		HideSolutionNode = FALSE
	EndGlobalSection
	GlobalSection(NestedProjects) = preSolution
		{22E6C74B-05EA-4707-9746-C2DEAF676B65} = {FD8CE41D-72AD-4D09-B61B-487E01EFBBC2}
		{29552DA4-8E81-4910-9B89-0E0AF94E153D} = {FD8CE41D-72AD-4D09-B61B-487E01EFBBC2}
		{C9E4E7DC-ACD0-4665-B5C1-285FCBA98FE9} = {FD8CE41D-72AD-4D09-B61B-487E01EFBBC2}
		{F7A94BAE-19DD-4597-97A2-FFA7936E9498} = {FD8CE41D-72AD-4D09-B61B-487E01EFBBC2}
		{B0EC8300-50B3-47D7-A4E1-C0EFF45D589B} = {DF46C6AB-4982-41BA-B8FB-951ABE643304}
		{7D1DAB7F-71DE-4E72-8815-6186EE3E71EC} = {DF46C6AB-4982-41BA-B8FB-951ABE643304}
	EndGlobalSection
	GlobalSection(ExtensibilityGlobals) = postSolution
		SolutionGuid = {E30441C8-A3F8-46EA-9C7B-A2B64CD50386}
	EndGlobalSection
EndGlobal
